<?xml version="1.0" encoding="utf-8"?>
<Project ToolsVersion="4.0" xmlns="http://schemas.microsoft.com/developer/msbuild/2003">
  <ItemGroup>
    <Filter Include="Base">
      <UniqueIdentifier>{14f900eb-1b76-4628-852a-f0c52440196c}</UniqueIdentifier>
    </Filter>
    <Filter Include="InternalCmds">
      <UniqueIdentifier>{64d384a6-7446-4421-9864-74fe14291e8e}</UniqueIdentifier>
    </Filter>
    <Filter Include="Streaming">
      <UniqueIdentifier>{6156bd7b-1dd1-438d-911b-e57f0881c98a}</UniqueIdentifier>
    </Filter>
  </ItemGroup>
  <ItemGroup>
    <ClCompile Include="Precompiled.cpp" />
    <ClCompile Include="Cmds\cd.cpp">
      <Filter>InternalCmds</Filter>
    </ClCompile>
    <ClCompile Include="Cmds\crlf.cpp">
      <Filter>InternalCmds</Filter>
    </ClCompile>
    <ClCompile Include="Cmds\echo.cpp">
      <Filter>InternalCmds</Filter>
    </ClCompile>
    <ClCompile Include="Cmds\error.cpp">
      <Filter>InternalCmds</Filter>
    </ClCompile>
    <ClCompile Include="Cmds\exit.cpp">
      <Filter>InternalCmds</Filter>
    </ClCompile>
    <ClCompile Include="Cmds\if.cpp">
      <Filter>InternalCmds</Filter>
    </ClCompile>
    <ClCompile Include="Cmds\ls.cpp">
      <Filter>InternalCmds</Filter>
    </ClCompile>
    <ClCompile Include="Cmds\pwd.cpp">
      <Filter>InternalCmds</Filter>
    </ClCompile>
    <ClCompile Include="Cmds\set.cpp">
      <Filter>InternalCmds</Filter>
    </ClCompile>
    <ClCompile Include="Cmds\concat.cpp">
      <Filter>InternalCmds</Filter>
    </ClCompile>
    <ClCompile Include="Base\Command.cpp">
      <Filter>Base</Filter>
    </ClCompile>
    <ClCompile Include="Base\Environment.cpp">
      <Filter>Base</Filter>
    </ClCompile>
    <ClCompile Include="Base\Exec.cpp">
      <Filter>Base</Filter>
    </ClCompile>
    <ClCompile Include="Base\Main.cpp">
      <Filter>Base</Filter>
    </ClCompile>
    <ClCompile Include="Base\Parse.cpp">
      <Filter>Base</Filter>
    </ClCompile>
    <ClCompile Include="Base\Path.cpp">
      <Filter>Base</Filter>
    </ClCompile>
    <ClCompile Include="Base\String.cpp">
      <Filter>Base</Filter>
    </ClCompile>
    <ClCompile Include="Streaming\Reader.cpp">
      <Filter>Streaming</Filter>
    </ClCompile>
  </ItemGroup>
  <ItemGroup>
    <ClInclude Include="Streaming\Streaming.h">
      <Filter>Streaming</Filter>
    </ClInclude>
    <ClInclude Include="Base\ShellApi.h">
      <Filter>Base</Filter>
    </ClInclude>
    <ClInclude Include="Base\UnicodeStuff.h">
      <Filter>Base</Filter>
    </ClInclude>
  </ItemGroup>
</Project>